github.com/carminecesarano/mal_dependency v0.1.17 h1:lC76JhSbenZCXZRy2peIlQ3JIl+20LypjoTAv84w6o0=
github.com/carminecesarano/mal_dependency v0.1.17/go.mod h1:jxgYC6pATUPuStDrYsTQE15KLRslASXxkHr1YX2fFu4=
github.com/carminecesarano/mal_dependency v0.1.18 h1:gyiwgFzTh2fp1DWPBh7LxmT5ZaXW1fKzvITPc7Y/uE0=
github.com/carminecesarano/mal_dependency v0.1.18/go.mod h1:jxgYC6pATUPuStDrYsTQE15KLRslASXxkHr1YX2fFu4=
