github.com/carminecesarano/mal_dependency v0.1.13 h1:+ZuvxFRRy+elgBAVuL+4td2kYiZRr0TNiSL4MdHVVUQ=
github.com/carminecesarano/mal_dependency v0.1.13/go.mod h1:jxgYC6pATUPuStDrYsTQE15KLRslASXxkHr1YX2fFu4=
github.com/carminecesarano/mal_dependency v0.1.18 h1:gyiwgFzTh2fp1DWPBh7LxmT5ZaXW1fKzvITPc7Y/uE0=
github.com/carminecesarano/mal_dependency v0.1.18/go.mod h1:jxgYC6pATUPuStDrYsTQE15KLRslASXxkHr1YX2fFu4=
github.com/carminecesarano/mal_dependency v0.1.19 h1:X6s9vAeqIre8oYzthsylSmf25NViLFZ+4hbpiWqYQ5U=
github.com/carminecesarano/mal_dependency v0.1.19/go.mod h1:jxgYC6pATUPuStDrYsTQE15KLRslASXxkHr1YX2fFu4=
github.com/carminecesarano/mal_dependency v0.1.20 h1:JYVUW1rJufAPeqJVla588pOAMNhcBuZVHs5bb/gQ7Ho=
github.com/carminecesarano/mal_dependency v0.1.20/go.mod h1:jxgYC6pATUPuStDrYsTQE15KLRslASXxkHr1YX2fFu4=
github.com/carminecesarano/mal_dependency v0.1.21 h1:SQhzLO5wHKba+OVyPrDSZOUFuRpdzx6tJ4r423OMPTA=
github.com/carminecesarano/mal_dependency v0.1.21/go.mod h1:jxgYC6pATUPuStDrYsTQE15KLRslASXxkHr1YX2fFu4=
github.com/carminecesarano/mal_dependency v0.1.23 h1:GfQY3zCnq4Vli1hHJOjwnnVUqBdm3fRC37bZXz0kMYQ=
github.com/carminecesarano/mal_dependency v0.1.23/go.mod h1:jxgYC6pATUPuStDrYsTQE15KLRslASXxkHr1YX2fFu4=
github.com/carminecesarano/mal_dependency v0.1.24 h1:Zegkt4p9Wti4TzlUCjdMpvg5H+lJPeIvPR3DrI/VLaE=
github.com/carminecesarano/mal_dependency v0.1.24/go.mod h1:jxgYC6pATUPuStDrYsTQE15KLRslASXxkHr1YX2fFu4=
github.com/carminecesarano/mal_dependency v0.1.25 h1:K//neN4TobXipWl+e/hvLnhuVHwLcQ/a1So/jGhO+p4=
github.com/carminecesarano/mal_dependency v0.1.25/go.mod h1:jxgYC6pATUPuStDrYsTQE15KLRslASXxkHr1YX2fFu4=
