github.com/carminecesarano/mal_dependency v0.1.7 h1:AevzQznuftrCg29jCIOZ9jCbU+ACIO5NhjmU1qvlS0I=
github.com/carminecesarano/mal_dependency v0.1.7/go.mod h1:jxgYC6pATUPuStDrYsTQE15KLRslASXxkHr1YX2fFu4=
github.com/carminecesarano/mal_dependency v0.1.8 h1:m32HqkhPED1iyLLU6fA12MB7cbFHAq60Mpcj/HGvzjs=
github.com/carminecesarano/mal_dependency v0.1.8/go.mod h1:jxgYC6pATUPuStDrYsTQE15KLRslASXxkHr1YX2fFu4=
github.com/carminecesarano/mal_dependency v0.1.9 h1:mFIIcKZCTEc/iVn1hdFUWAry862NdSETjbBUdo++eDI=
github.com/carminecesarano/mal_dependency v0.1.9/go.mod h1:jxgYC6pATUPuStDrYsTQE15KLRslASXxkHr1YX2fFu4=
github.com/carminecesarano/mal_dependency v0.1.10 h1:N5Rj4QRsfqV6QMatmt+jN/4DXk5x893VztvnFv/GH9E=
github.com/carminecesarano/mal_dependency v0.1.10/go.mod h1:jxgYC6pATUPuStDrYsTQE15KLRslASXxkHr1YX2fFu4=
